{
  "requires": true,
  "lockfileVersion": 1,
  "dependencies": {
    "bootstrap": {
      "version": "5.1.0",
      "resolved": "https://registry.npmjs.org/bootstrap/-/bootstrap-5.1.0.tgz",
      "integrity": "sha512-bs74WNI9BgBo3cEovmdMHikSKoXnDgA6VQjJ7TyTotU6L7d41ZyCEEelPwkYEzsG/Zjv3ie9IE3EMAje0W9Xew=="
    },
    "startbootstrap-sb-admin": {
      "version": "7.0.3",
      "resolved": "https://registry.npmjs.org/startbootstrap-sb-admin/-/startbootstrap-sb-admin-7.0.3.tgz",
      "integrity": "sha512-WHAlOhLRkKSwuNV5wM7tbSOtQEARQWpsypbS0nbJjb2yRDU4bO5rwgWAT4lEPvfcEmZQWd8EH4p8X5wzyOWW0A==",
      "requires": {
        "bootstrap": "5.1.0"
      }
    }
  }
}
